// !$*UTF8*$!
{
	archiveVersion = 1;
	classes = {
	};
	objectVersion = 77;
	objects = {

/* Begin PBXContainerItemProxy section */
		5E6931AC2D7EF7BB0094B835 /* PBXContainerItemProxy */ = {
			isa = PBXContainerItemProxy;
			containerPortal = 5E6931932D7EF7BA0094B835 /* Project object */;
			proxyType = 1;
			remoteGlobalIDString = 5E69319A2D7EF7BA0094B835;
			remoteInfo = BusItemsInfo;
		};
		5E6931B62D7EF7BB0094B835 /* PBXContainerItemProxy */ = {
			isa = PBXContainerItemProxy;
			containerPortal = 5E6931932D7EF7BA0094B835 /* Project object */;
			proxyType = 1;
			remoteGlobalIDString = 5E69319A2D7EF7BA0094B835;
			remoteInfo = BusItemsInfo;
		};
/* End PBXContainerItemProxy section */

/* Begin PBXFileReference section */
		5E69319B2D7EF7BA0094B835 /* BusItemsInfo.app */ = {isa = PBXFileReference; explicitFileType = wrapper.application; includeInIndex = 0; path = BusItemsInfo.app; sourceTree = BUILT_PRODUCTS_DIR; };
		5E6931AB2D7EF7BB0094B835 /* BusItemsInfoTests.xctest */ = {isa = PBXFileReference; explicitFileType = wrapper.cfbundle; includeInIndex = 0; path = BusItemsInfoTests.xctest; sourceTree = BUILT_PRODUCTS_DIR; };
		5E6931B52D7EF7BB0094B835 /* BusItemsInfoUITests.xctest */ = {isa = PBXFileReference; explicitFileType = wrapper.cfbundle; includeInIndex = 0; path = BusItemsInfoUITests.xctest; sourceTree = BUILT_PRODUCTS_DIR; };
/* End PBXFileReference section */

/* Begin PBXFileSystemSynchronizedRootGroup section */
		5E69319D2D7EF7BA0094B835 /* BusItemsInfo */ = {
			isa = PBXFileSystemSynchronizedRootGroup;
			path = BusItemsInfo;
			sourceTree = "<group>";
		};
		5E6931AE2D7EF7BB0094B835 /* BusItemsInfoTests */ = {
			isa = PBXFileSystemSynchronizedRootGroup;
			path = BusItemsInfoTests;
			sourceTree = "<group>";
		};
		5E6931B82D7EF7BB0094B835 /* BusItemsInfoUITests */ = {
			isa = PBXFileSystemSynchronizedRootGroup;
			path = BusItemsInfoUITests;
			sourceTree = "<group>";
		};
/* End PBXFileSystemSynchronizedRootGroup section */

/* Begin PBXFrameworksBuildPhase section */
		5E6931982D7EF7BA0094B835 /* Frameworks */ = {
			isa = PBXFrameworksBuildPhase;
			buildActionMask = 2147483647;
			files = (
			);
			runOnlyForDeploymentPostprocessing = 0;
		};
		5E6931A82D7EF7BB0094B835 /* Frameworks */ = {
			isa = PBXFrameworksBuildPhase;
			buildActionMask = 2147483647;
			files = (
			);
			runOnlyForDeploymentPostprocessing = 0;
		};
		5E6931B22D7EF7BB0094B835 /* Frameworks */ = {
			isa = PBXFrameworksBuildPhase;
			buildActionMask = 2147483647;
			files = (
			);
			runOnlyForDeploymentPostprocessing = 0;
		};
/* End PBXFrameworksBuildPhase section */

/* Begin PBXGroup section */
		5E6931922D7EF7BA0094B835 = {
			isa = PBXGroup;
			children = (
				5E69319D2D7EF7BA0094B835 /* BusItemsInfo */,
				5E6931AE2D7EF7BB0094B835 /* BusItemsInfoTests */,
				5E6931B82D7EF7BB0094B835 /* BusItemsInfoUITests */,
				5E69319C2D7EF7BA0094B835 /* Products */,
			);
			sourceTree = "<group>";
		};
		5E69319C2D7EF7BA0094B835 /* Products */ = {
			isa = PBXGroup;
			children = (
				5E69319B2D7EF7BA0094B835 /* BusItemsInfo.app */,
				5E6931AB2D7EF7BB0094B835 /* BusItemsInfoTests.xctest */,
				5E6931B52D7EF7BB0094B835 /* BusItemsInfoUITests.xctest */,
			);
			name = Products;
			sourceTree = "<group>";
		};
/* End PBXGroup section */

/* Begin PBXNativeTarget section */
		5E69319A2D7EF7BA0094B835 /* BusItemsInfo */ = {
			isa = PBXNativeTarget;
			buildConfigurationList = 5E6931BF2D7EF7BB0094B835 /* Build configuration list for PBXNativeTarget "BusItemsInfo" */;
			buildPhases = (
				5E6931972D7EF7BA0094B835 /* Sources */,
				5E6931982D7EF7BA0094B835 /* Frameworks */,
				5E6931992D7EF7BA0094B835 /* Resources */,
			);
			buildRules = (
			);
			dependencies = (
			);
			fileSystemSynchronizedGroups = (
				5E69319D2D7EF7BA0094B835 /* BusItemsInfo */,
			);
			name = BusItemsInfo;
			packageProductDependencies = (
			);
			productName = BusItemsInfo;
			productReference = 5E69319B2D7EF7BA0094B835 /* BusItemsInfo.app */;
			productType = "com.apple.product-type.application";
		};
		5E6931AA2D7EF7BB0094B835 /* BusItemsInfoTests */ = {
			isa = PBXNativeTarget;
			buildConfigurationList = 5E6931C22D7EF7BB0094B835 /* Build configuration list for PBXNativeTarget "BusItemsInfoTests" */;
			buildPhases = (
				5E6931A72D7EF7BB0094B835 /* Sources */,
				5E6931A82D7EF7BB0094B835 /* Frameworks */,
				5E6931A92D7EF7BB0094B835 /* Resources */,
			);
			buildRules = (
			);
			dependencies = (
				5E6931AD2D7EF7BB0094B835 /* PBXTargetDependency */,
			);
			fileSystemSynchronizedGroups = (
				5E6931AE2D7EF7BB0094B835 /* BusItemsInfoTests */,
			);
			name = BusItemsInfoTests;
			packageProductDependencies = (
			);
			productName = BusItemsInfoTests;
			productReference = 5E6931AB2D7EF7BB0094B835 /* BusItemsInfoTests.xctest */;
			productType = "com.apple.product-type.bundle.unit-test";
		};
		5E6931B42D7EF7BB0094B835 /* BusItemsInfoUITests */ = {
			isa = PBXNativeTarget;
			buildConfigurationList = 5E6931C52D7EF7BB0094B835 /* Build configuration list for PBXNativeTarget "BusItemsInfoUITests" */;
			buildPhases = (
				5E6931B12D7EF7BB0094B835 /* Sources */,
				5E6931B22D7EF7BB0094B835 /* Frameworks */,
				5E6931B32D7EF7BB0094B835 /* Resources */,
			);
			buildRules = (
			);
			dependencies = (
				5E6931B72D7EF7BB0094B835 /* PBXTargetDependency */,
			);
			fileSystemSynchronizedGroups = (
				5E6931B82D7EF7BB0094B835 /* BusItemsInfoUITests */,
			);
			name = BusItemsInfoUITests;
			packageProductDependencies = (
			);
			productName = BusItemsInfoUITests;
			productReference = 5E6931B52D7EF7BB0094B835 /* BusItemsInfoUITests.xctest */;
			productType = "com.apple.product-type.bundle.ui-testing";
		};
/* End PBXNativeTarget section */

/* Begin PBXProject section */
		5E6931932D7EF7BA0094B835 /* Project object */ = {
			isa = PBXProject;
			attributes = {
				BuildIndependentTargetsInParallel = 1;
				LastSwiftUpdateCheck = 1620;
				LastUpgradeCheck = 1620;
				TargetAttributes = {
					5E69319A2D7EF7BA0094B835 = {
						CreatedOnToolsVersion = 16.2;
					};
					5E6931AA2D7EF7BB0094B835 = {
						CreatedOnToolsVersion = 16.2;
						TestTargetID = 5E69319A2D7EF7BA0094B835;
					};
					5E6931B42D7EF7BB0094B835 = {
						CreatedOnToolsVersion = 16.2;
						TestTargetID = 5E69319A2D7EF7BA0094B835;
					};
				};
			};
			buildConfigurationList = 5E6931962D7EF7BA0094B835 /* Build configuration list for PBXProject "BusItemsInfo" */;
			developmentRegion = en;
			hasScannedForEncodings = 0;
			knownRegions = (
				en,
				Base,
			);
			mainGroup = 5E6931922D7EF7BA0094B835;
			minimizedProjectReferenceProxies = 1;
			preferredProjectObjectVersion = 77;
			productRefGroup = 5E69319C2D7EF7BA0094B835 /* Products */;
			projectDirPath = "";
			projectRoot = "";
			targets = (
				5E69319A2D7EF7BA0094B835 /* BusItemsInfo */,
				5E6931AA2D7EF7BB0094B835 /* BusItemsInfoTests */,
				5E6931B42D7EF7BB0094B835 /* BusItemsInfoUITests */,
			);
		};
/* End PBXProject section */

/* Begin PBXResourcesBuildPhase section */
		5E6931992D7EF7BA0094B835 /* Resources */ = {
			isa = PBXResourcesBuildPhase;
			buildActionMask = 2147483647;
			files = (
			);
			runOnlyForDeploymentPostprocessing = 0;
		};
		5E6931A92D7EF7BB0094B835 /* Resources */ = {
			isa = PBXResourcesBuildPhase;
			buildActionMask = 2147483647;
			files = (
			);
			runOnlyForDeploymentPostprocessing = 0;
		};
		5E6931B32D7EF7BB0094B835 /* Resources */ = {
			isa = PBXResourcesBuildPhase;
			buildActionMask = 2147483647;
			files = (
			);
			runOnlyForDeploymentPostprocessing = 0;
		};
/* End PBXResourcesBuildPhase section */

/* Begin PBXSourcesBuildPhase section */
		5E6931972D7EF7BA0094B835 /* Sources */ = {
			isa = PBXSourcesBuildPhase;
			buildActionMask = 2147483647;
			files = (
			);
			runOnlyForDeploymentPostprocessing = 0;
		};
		5E6931A72D7EF7BB0094B835 /* Sources */ = {
			isa = PBXSourcesBuildPhase;
			buildActionMask = 2147483647;
			files = (
			);
			runOnlyForDeploymentPostprocessing = 0;
		};
		5E6931B12D7EF7BB0094B835 /* Sources */ = {
			isa = PBXSourcesBuildPhase;
			buildActionMask = 2147483647;
			files = (
			);
			runOnlyForDeploymentPostprocessing = 0;
		};
/* End PBXSourcesBuildPhase section */

/* Begin PBXTargetDependency section */
		5E6931AD2D7EF7BB0094B835 /* PBXTargetDependency */ = {
			isa = PBXTargetDependency;
			target = 5E69319A2D7EF7BA0094B835 /* BusItemsInfo */;
			targetProxy = 5E6931AC2D7EF7BB0094B835 /* PBXContainerItemProxy */;
		};
		5E6931B72D7EF7BB0094B835 /* PBXTargetDependency */ = {
			isa = PBXTargetDependency;
			target = 5E69319A2D7EF7BA0094B835 /* BusItemsInfo */;
			targetProxy = 5E6931B62D7EF7BB0094B835 /* PBXContainerItemProxy */;
		};
/* End PBXTargetDependency section */

/* Begin XCBuildConfiguration section */
		5E6931BD2D7EF7BB0094B835 /* Debug */ = {
			isa = XCBuildConfiguration;
			buildSettings = {
				ALWAYS_SEARCH_USER_PATHS = NO;
				ASSETCATALOG_COMPILER_GENERATE_SWIFT_ASSET_SYMBOL_EXTENSIONS = YES;
				CLANG_ANALYZER_NONNULL = YES;
				CLANG_ANALYZER_NUMBER_OBJECT_CONVERSION = YES_AGGRESSIVE;
				CLANG_CXX_LANGUAGE_STANDARD = "gnu++20";
				CLANG_ENABLE_MODULES = YES;
				CLANG_ENABLE_OBJC_ARC = YES;
				CLANG_ENABLE_OBJC_WEAK = YES;
				CLANG_WARN_BLOCK_CAPTURE_AUTORELEASING = YES;
				CLANG_WARN_BOOL_CONVERSION = YES;
				CLANG_WARN_COMMA = YES;
				CLANG_WARN_CONSTANT_CONVERSION = YES;
				CLANG_WARN_DEPRECATED_OBJC_IMPLEMENTATIONS = YES;
				CLANG_WARN_DIRECT_OBJC_ISA_USAGE = YES_ERROR;
				CLANG_WARN_DOCUMENTATION_COMMENTS = YES;
				CLANG_WARN_EMPTY_BODY = YES;
				CLANG_WARN_ENUM_CONVERSION = YES;
				CLANG_WARN_INFINITE_RECURSION = YES;
				CLANG_WARN_INT_CONVERSION = YES;
				CLANG_WARN_NON_LITERAL_NULL_CONVERSION = YES;
				CLANG_WARN_OBJC_IMPLICIT_RETAIN_SELF = YES;
				CLANG_WARN_OBJC_LITERAL_CONVERSION = YES;
				CLANG_WARN_OBJC_ROOT_CLASS = YES_ERROR;
				CLANG_WARN_QUOTED_INCLUDE_IN_FRAMEWORK_HEADER = YES;
				CLANG_WARN_RANGE_LOOP_ANALYSIS = YES;
				CLANG_WARN_STRICT_PROTOTYPES = YES;
				CLANG_WARN_SUSPICIOUS_MOVE = YES;
				CLANG_WARN_UNGUARDED_AVAILABILITY = YES_AGGRESSIVE;
				CLANG_WARN_UNREACHABLE_CODE = YES;
				CLANG_WARN__DUPLICATE_METHOD_MATCH = YES;
				COPY_PHASE_STRIP = NO;
				DEBUG_INFORMATION_FORMAT = dwarf;
				ENABLE_STRICT_OBJC_MSGSEND = YES;
				ENABLE_TESTABILITY = YES;
				ENABLE_USER_SCRIPT_SANDBOXING = YES;
				GCC_C_LANGUAGE_STANDARD = gnu17;
				GCC_DYNAMIC_NO_PIC = NO;
				GCC_NO_COMMON_BLOCKS = YES;
				GCC_OPTIMIZATION_LEVEL = 0;
				GCC_PREPROCESSOR_DEFINITIONS = (
					"DEBUG=1",
					"$(inherited)",
				);
				GCC_WARN_64_TO_32_BIT_CONVERSION = YES;
				GCC_WARN_ABOUT_RETURN_TYPE = YES_ERROR;
				GCC_WARN_UNDECLARED_SELECTOR = YES;
				GCC_WARN_UNINITIALIZED_AUTOS = YES_AGGRESSIVE;
				GCC_WARN_UNUSED_FUNCTION = YES;
				GCC_WARN_UNUSED_VARIABLE = YES;
				IPHONEOS_DEPLOYMENT_TARGET = 18.2;
				LOCALIZATION_PREFERS_STRING_CATALOGS = YES;
				MTL_ENABLE_DEBUG_INFO = INCLUDE_SOURCE;
				MTL_FAST_MATH = YES;
				ONLY_ACTIVE_ARCH = YES;
				SDKROOT = iphoneos;
				SWIFT_ACTIVE_COMPILATION_CONDITIONS = "DEBUG $(inherited)";
				SWIFT_OPTIMIZATION_LEVEL = "-Onone";
			};
			name = Debug;
		};
		5E6931BE2D7EF7BB0094B835 /* Release */ = {
			isa = XCBuildConfiguration;
			buildSettings = {
				ALWAYS_SEARCH_USER_PATHS = NO;
				ASSETCATALOG_COMPILER_GENERATE_SWIFT_ASSET_SYMBOL_EXTENSIONS = YES;
				CLANG_ANALYZER_NONNULL = YES;
				CLANG_ANALYZER_NUMBER_OBJECT_CONVERSION = YES_AGGRESSIVE;
				CLANG_CXX_LANGUAGE_STANDARD = "gnu++20";
				CLANG_ENABLE_MODULES = YES;
				CLANG_ENABLE_OBJC_ARC = YES;
				CLANG_ENABLE_OBJC_WEAK = YES;
				CLANG_WARN_BLOCK_CAPTURE_AUTORELEASING = YES;
				CLANG_WARN_BOOL_CONVERSION = YES;
				CLANG_WARN_COMMA = YES;
				CLANG_WARN_CONSTANT_CONVERSION = YES;
				CLANG_WARN_DEPRECATED_OBJC_IMPLEMENTATIONS = YES;
				CLANG_WARN_DIRECT_OBJC_ISA_USAGE = YES_ERROR;
				CLANG_WARN_DOCUMENTATION_COMMENTS = YES;
				CLANG_WARN_EMPTY_BODY = YES;
				CLANG_WARN_ENUM_CONVERSION = YES;
				CLANG_WARN_INFINITE_RECURSION = YES;
				CLANG_WARN_INT_CONVERSION = YES;
				CLANG_WARN_NON_LITERAL_NULL_CONVERSION = YES;
				CLANG_WARN_OBJC_IMPLICIT_RETAIN_SELF = YES;
				CLANG_WARN_OBJC_LITERAL_CONVERSION = YES;
				CLANG_WARN_OBJC_ROOT_CLASS = YES_ERROR;
				CLANG_WARN_QUOTED_INCLUDE_IN_FRAMEWORK_HEADER = YES;
				CLANG_WARN_RANGE_LOOP_ANALYSIS = YES;
				CLANG_WARN_STRICT_PROTOTYPES = YES;
				CLANG_WARN_SUSPICIOUS_MOVE = YES;
				CLANG_WARN_UNGUARDED_AVAILABILITY = YES_AGGRESSIVE;
				CLANG_WARN_UNREACHABLE_CODE = YES;
				CLANG_WARN__DUPLICATE_METHOD_MATCH = YES;
				COPY_PHASE_STRIP = NO;
				DEBUG_INFORMATION_FORMAT = "dwarf-with-dsym";
				ENABLE_NS_ASSERTIONS = NO;
				ENABLE_STRICT_OBJC_MSGSEND = YES;
				ENABLE_USER_SCRIPT_SANDBOXING = YES;
				GCC_C_LANGUAGE_STANDARD = gnu17;
				GCC_NO_COMMON_BLOCKS = YES;
				GCC_WARN_64_TO_32_BIT_CONVERSION = YES;
				GCC_WARN_ABOUT_RETURN_TYPE = YES_ERROR;
				GCC_WARN_UNDECLARED_SELECTOR = YES;
				GCC_WARN_UNINITIALIZED_AUTOS = YES_AGGRESSIVE;
				GCC_WARN_UNUSED_FUNCTION = YES;
				GCC_WARN_UNUSED_VARIABLE = YES;
				IPHONEOS_DEPLOYMENT_TARGET = 18.2;
				LOCALIZATION_PREFERS_STRING_CATALOGS = YES;
				MTL_ENABLE_DEBUG_INFO = NO;
				MTL_FAST_MATH = YES;
				SDKROOT = iphoneos;
				SWIFT_COMPILATION_MODE = wholemodule;
				VALIDATE_PRODUCT = YES;
			};
			name = Release;
		};
		5E6931C02D7EF7BB0094B835 /* Debug */ = {
			isa = XCBuildConfiguration;
			buildSettings = {
				ASSETCATALOG_COMPILER_APPICON_NAME = AppIcon;
				ASSETCATALOG_COMPILER_GLOBAL_ACCENT_COLOR_NAME = AccentColor;
				CODE_SIGN_STYLE = Automatic;
				CURRENT_PROJECT_VERSION = 1;
				DEVELOPMENT_ASSET_PATHS = "\"BusItemsInfo/Preview Content\"";
				DEVELOPMENT_TEAM = A48FW5W2C5;
				ENABLE_PREVIEWS = YES;
				GENERATE_INFOPLIST_FILE = YES;
				INFOPLIST_KEY_CFBundleDisplayName = "";
				INFOPLIST_KEY_LSApplicationCategoryType = "";
				INFOPLIST_KEY_NSCameraUsageDescription = "I Need permision";
				INFOPLIST_KEY_UIApplicationSceneManifest_Generation = YES;
				INFOPLIST_KEY_UIApplicationSupportsIndirectInputEvents = YES;
				INFOPLIST_KEY_UILaunchScreen_Generation = YES;
				INFOPLIST_KEY_UISupportedInterfaceOrientations_iPad = "UIInterfaceOrientationPortrait UIInterfaceOrientationPortraitUpsideDown UIInterfaceOrientationLandscapeLeft UIInterfaceOrientationLandscapeRight";
				INFOPLIST_KEY_UISupportedInterfaceOrientations_iPhone = "UIInterfaceOrientationPortrait UIInterfaceOrientationLandscapeLeft UIInterfaceOrientationLandscapeRight";
				LD_RUNPATH_SEARCH_PATHS = (
					"$(inherited)",
					"@executable_path/Frameworks",
				);
				MARKETING_VERSION = 1.0;
				PRODUCT_BUNDLE_IDENTIFIER = com.grkoukorg..BusItemsInfo;
				PRODUCT_NAME = "$(TARGET_NAME)";
				SWIFT_EMIT_LOC_STRINGS = YES;
				SWIFT_VERSION = 5.0;
				TARGETED_DEVICE_FAMILY = "1,2";
			};
			name = Debug;
		};
		5E6931C12D7EF7BB0094B835 /* Release */ = {
			isa = XCBuildConfiguration;
			buildSettings = {
				ASSETCATALOG_COMPILER_APPICON_NAME = AppIcon;
				ASSETCATALOG_COMPILER_GLOBAL_ACCENT_COLOR_NAME = AccentColor;
				CODE_SIGN_STYLE = Automatic;
				CURRENT_PROJECT_VERSION = 1;
				DEVELOPMENT_ASSET_PATHS = "\"BusItemsInfo/Preview Content\"";
				DEVELOPMENT_TEAM = A48FW5W2C5;
				ENABLE_PREVIEWS = YES;
				GENERATE_INFOPLIST_FILE = YES;
				INFOPLIST_KEY_CFBundleDisplayName = "";
				INFOPLIST_KEY_LSApplicationCategoryType = "";
				INFOPLIST_KEY_NSCameraUsageDescription = "I Need permision";
				INFOPLIST_KEY_UIApplicationSceneManifest_Generation = YES;
				INFOPLIST_KEY_UIApplicationSupportsIndirectInputEvents = YES;
				INFOPLIST_KEY_UILaunchScreen_Generation = YES;
				INFOPLIST_KEY_UISupportedInterfaceOrientations_iPad = "UIInterfaceOrientationPortrait UIInterfaceOrientationPortraitUpsideDown UIInterfaceOrientationLandscapeLeft UIInterfaceOrientationLandscapeRight";
				INFOPLIST_KEY_UISupportedInterfaceOrientations_iPhone = "UIInterfaceOrientationPortrait UIInterfaceOrientationLandscapeLeft UIInterfaceOrientationLandscapeRight";
				LD_RUNPATH_SEARCH_PATHS = (
					"$(inherited)",
					"@executable_path/Frameworks",
				);
				MARKETING_VERSION = 1.0;
				PRODUCT_BUNDLE_IDENTIFIER = com.grkoukorg..BusItemsInfo;
				PRODUCT_NAME = "$(TARGET_NAME)";
				SWIFT_EMIT_LOC_STRINGS = YES;
				SWIFT_VERSION = 5.0;
				TARGETED_DEVICE_FAMILY = "1,2";
			};
			name = Release;
		};
		5E6931C32D7EF7BB0094B835 /* Debug */ = {
			isa = XCBuildConfiguration;
			buildSettings = {
				BUNDLE_LOADER = "$(TEST_HOST)";
				CODE_SIGN_STYLE = Automatic;
				CURRENT_PROJECT_VERSION = 1;
				DEVELOPMENT_TEAM = A48FW5W2C5;
				GENERATE_INFOPLIST_FILE = YES;
				IPHONEOS_DEPLOYMENT_TARGET = 18.2;
				MARKETING_VERSION = 1.0;
				PRODUCT_BUNDLE_IDENTIFIER = com.grkoukorg..BusItemsInfoTests;
				PRODUCT_NAME = "$(TARGET_NAME)";
				SWIFT_EMIT_LOC_STRINGS = NO;
				SWIFT_VERSION = 5.0;
				TARGETED_DEVICE_FAMILY = "1,2";
				TEST_HOST = "$(BUILT_PRODUCTS_DIR)/BusItemsInfo.app/$(BUNDLE_EXECUTABLE_FOLDER_PATH)/BusItemsInfo";
			};
			name = Debug;
		};
		5E6931C42D7EF7BB0094B835 /* Release */ = {
			isa = XCBuildConfiguration;
			buildSettings = {
				BUNDLE_LOADER = "$(TEST_HOST)";
				CODE_SIGN_STYLE = Automatic;
				CURRENT_PROJECT_VERSION = 1;
				DEVELOPMENT_TEAM = A48FW5W2C5;
				GENERATE_INFOPLIST_FILE = YES;
				IPHONEOS_DEPLOYMENT_TARGET = 18.2;
				MARKETING_VERSION = 1.0;
				PRODUCT_BUNDLE_IDENTIFIER = com.grkoukorg..BusItemsInfoTests;
				PRODUCT_NAME = "$(TARGET_NAME)";
				SWIFT_EMIT_LOC_STRINGS = NO;
				SWIFT_VERSION = 5.0;
				TARGETED_DEVICE_FAMILY = "1,2";
				TEST_HOST = "$(BUILT_PRODUCTS_DIR)/BusItemsInfo.app/$(BUNDLE_EXECUTABLE_FOLDER_PATH)/BusItemsInfo";
			};
			name = Release;
		};
		5E6931C62D7EF7BB0094B835 /* Debug */ = {
			isa = XCBuildConfiguration;
			buildSettings = {
				CODE_SIGN_STYLE = Automatic;
				CURRENT_PROJECT_VERSION = 1;
				DEVELOPMENT_TEAM = A48FW5W2C5;
				GENERATE_INFOPLIST_FILE = YES;
				MARKETING_VERSION = 1.0;
				PRODUCT_BUNDLE_IDENTIFIER = com.grkoukorg..BusItemsInfoUITests;
				PRODUCT_NAME = "$(TARGET_NAME)";
				SWIFT_EMIT_LOC_STRINGS = NO;
				SWIFT_VERSION = 5.0;
				TARGETED_DEVICE_FAMILY = "1,2";
				TEST_TARGET_NAME = BusItemsInfo;
			};
			name = Debug;
		};
		5E6931C72D7EF7BB0094B835 /* Release */ = {
			isa = XCBuildConfiguration;
			buildSettings = {
				CODE_SIGN_STYLE = Automatic;
				CURRENT_PROJECT_VERSION = 1;
				DEVELOPMENT_TEAM = A48FW5W2C5;
				GENERATE_INFOPLIST_FILE = YES;
				MARKETING_VERSION = 1.0;
				PRODUCT_BUNDLE_IDENTIFIER = com.grkoukorg..BusItemsInfoUITests;
				PRODUCT_NAME = "$(TARGET_NAME)";
				SWIFT_EMIT_LOC_STRINGS = NO;
				SWIFT_VERSION = 5.0;
				TARGETED_DEVICE_FAMILY = "1,2";
				TEST_TARGET_NAME = BusItemsInfo;
			};
			name = Release;
		};
/* End XCBuildConfiguration section */

/* Begin XCConfigurationList section */
		5E6931962D7EF7BA0094B835 /* Build configuration list for PBXProject "BusItemsInfo" */ = {
			isa = XCConfigurationList;
			buildConfigurations = (
				5E6931BD2D7EF7BB0094B835 /* Debug */,
				5E6931BE2D7EF7BB0094B835 /* Release */,
			);
			defaultConfigurationIsVisible = 0;
			defaultConfigurationName = Release;
		};
		5E6931BF2D7EF7BB0094B835 /* Build configuration list for PBXNativeTarget "BusItemsInfo" */ = {
			isa = XCConfigurationList;
			buildConfigurations = (
				5E6931C02D7EF7BB0094B835 /* Debug */,
				5E6931C12D7EF7BB0094B835 /* Release */,
			);
			defaultConfigurationIsVisible = 0;
			defaultConfigurationName = Release;
		};
		5E6931C22D7EF7BB0094B835 /* Build configuration list for PBXNativeTarget "BusItemsInfoTests" */ = {
			isa = XCConfigurationList;
			buildConfigurations = (
				5E6931C32D7EF7BB0094B835 /* Debug */,
				5E6931C42D7EF7BB0094B835 /* Release */,
			);
			defaultConfigurationIsVisible = 0;
			defaultConfigurationName = Release;
		};
		5E6931C52D7EF7BB0094B835 /* Build configuration list for PBXNativeTarget "BusItemsInfoUITests" */ = {
			isa = XCConfigurationList;
			buildConfigurations = (
				5E6931C62D7EF7BB0094B835 /* Debug */,
				5E6931C72D7EF7BB0094B835 /* Release */,
			);
			defaultConfigurationIsVisible = 0;
			defaultConfigurationName = Release;
		};
/* End XCConfigurationList section */
	};
	rootObject = 5E6931932D7EF7BA0094B835 /* Project object */;
}
